// !$*UTF8*$!
{
	archiveVersion = 1;
	classes = {
	};
	objectVersion = 46;
	objects = {

/* Begin PBXBuildFile section */
		C75904B91B9A1E43000B1039 /* main.m in Sources */ = {isa = PBXBuildFile; fileRef = C75904B81B9A1E43000B1039 /* main.m */; };
		C75904BC1B9A1E43000B1039 /* AppDelegate.m in Sources */ = {isa = PBXBuildFile; fileRef = C75904BB1B9A1E43000B1039 /* AppDelegate.m */; };
		C75904BF1B9A1E43000B1039 /* ViewController.m in Sources */ = {isa = PBXBuildFile; fileRef = C75904BE1B9A1E43000B1039 /* ViewController.m */; };
		C75904C21B9A1E43000B1039 /* Main.storyboard in Resources */ = {isa = PBXBuildFile; fileRef = C75904C01B9A1E43000B1039 /* Main.storyboard */; };
		C75904C41B9A1E43000B1039 /* Images.xcassets in Resources */ = {isa = PBXBuildFile; fileRef = C75904C31B9A1E43000B1039 /* Images.xcassets */; };
		C75904C71B9A1E43000B1039 /* LaunchScreen.xib in Resources */ = {isa = PBXBuildFile; fileRef = C75904C51B9A1E43000B1039 /* LaunchScreen.xib */; };
		C75904D31B9A1E43000B1039 /* TipCalculatorTests.m in Sources */ = {isa = PBXBuildFile; fileRef = C75904D21B9A1E43000B1039 /* TipCalculatorTests.m */; };
/* End PBXBuildFile section */

/* Begin PBXContainerItemProxy section */
		C75904CD1B9A1E43000B1039 /* PBXContainerItemProxy */ = {
			isa = PBXContainerItemProxy;
			containerPortal = C75904AB1B9A1E43000B1039 /* Project object */;
			proxyType = 1;
			remoteGlobalIDString = C75904B21B9A1E43000B1039;
			remoteInfo = TipCalculator;
		};
/* End PBXContainerItemProxy section */

/* Begin PBXFileReference section */
		C75904B31B9A1E43000B1039 /* TipCalculator.app */ = {isa = PBXFileReference; explicitFileType = wrapper.application; includeInIndex = 0; path = TipCalculator.app; sourceTree = BUILT_PRODUCTS_DIR; };
		C75904B71B9A1E43000B1039 /* Info.plist */ = {isa = PBXFileReference; lastKnownFileType = text.plist.xml; path = Info.plist; sourceTree = "<group>"; };
		C75904B81B9A1E43000B1039 /* main.m */ = {isa = PBXFileReference; lastKnownFileType = sourcecode.c.objc; path = main.m; sourceTree = "<group>"; };
		C75904BA1B9A1E43000B1039 /* AppDelegate.h */ = {isa = PBXFileReference; lastKnownFileType = sourcecode.c.h; path = AppDelegate.h; sourceTree = "<group>"; };
		C75904BB1B9A1E43000B1039 /* AppDelegate.m */ = {isa = PBXFileReference; lastKnownFileType = sourcecode.c.objc; path = AppDelegate.m; sourceTree = "<group>"; };
		C75904BD1B9A1E43000B1039 /* ViewController.h */ = {isa = PBXFileReference; lastKnownFileType = sourcecode.c.h; path = ViewController.h; sourceTree = "<group>"; };
		C75904BE1B9A1E43000B1039 /* ViewController.m */ = {isa = PBXFileReference; lastKnownFileType = sourcecode.c.objc; path = ViewController.m; sourceTree = "<group>"; };
		C75904C11B9A1E43000B1039 /* Base */ = {isa = PBXFileReference; lastKnownFileType = file.storyboard; name = Base; path = Base.lproj/Main.storyboard; sourceTree = "<group>"; };
		C75904C31B9A1E43000B1039 /* Images.xcassets */ = {isa = PBXFileReference; lastKnownFileType = folder.assetcatalog; path = Images.xcassets; sourceTree = "<group>"; };
		C75904C61B9A1E43000B1039 /* Base */ = {isa = PBXFileReference; lastKnownFileType = file.xib; name = Base; path = Base.lproj/LaunchScreen.xib; sourceTree = "<group>"; };
		C75904CC1B9A1E43000B1039 /* TipCalculatorTests.xctest */ = {isa = PBXFileReference; explicitFileType = wrapper.cfbundle; includeInIndex = 0; path = TipCalculatorTests.xctest; sourceTree = BUILT_PRODUCTS_DIR; };
		C75904D11B9A1E43000B1039 /* Info.plist */ = {isa = PBXFileReference; lastKnownFileType = text.plist.xml; path = Info.plist; sourceTree = "<group>"; };
		C75904D21B9A1E43000B1039 /* TipCalculatorTests.m */ = {isa = PBXFileReference; lastKnownFileType = sourcecode.c.objc; path = TipCalculatorTests.m; sourceTree = "<group>"; };
/* End PBXFileReference section */

/* Begin PBXFrameworksBuildPhase section */
		C75904B01B9A1E43000B1039 /* Frameworks */ = {
			isa = PBXFrameworksBuildPhase;
			buildActionMask = 2147483647;
			files = (
			);
			runOnlyForDeploymentPostprocessing = 0;
		};
		C75904C91B9A1E43000B1039 /* Frameworks */ = {
			isa = PBXFrameworksBuildPhase;
			buildActionMask = 2147483647;
			files = (
			);
			runOnlyForDeploymentPostprocessing = 0;
		};
/* End PBXFrameworksBuildPhase section */

/* Begin PBXGroup section */
		C75904AA1B9A1E43000B1039 = {
			isa = PBXGroup;
			children = (
				C75904B51B9A1E43000B1039 /* TipCalculator */,
				C75904CF1B9A1E43000B1039 /* TipCalculatorTests */,
				C75904B41B9A1E43000B1039 /* Products */,
			);
			sourceTree = "<group>";
		};
		C75904B41B9A1E43000B1039 /* Products */ = {
			isa = PBXGroup;
			children = (
				C75904B31B9A1E43000B1039 /* TipCalculator.app */,
				C75904CC1B9A1E43000B1039 /* TipCalculatorTests.xctest */,
			);
			name = Products;
			sourceTree = "<group>";
		};
		C75904B51B9A1E43000B1039 /* TipCalculator */ = {
			isa = PBXGroup;
			children = (
				C75904BA1B9A1E43000B1039 /* AppDelegate.h */,
				C75904BB1B9A1E43000B1039 /* AppDelegate.m */,
				C75904BD1B9A1E43000B1039 /* ViewController.h */,
				C75904BE1B9A1E43000B1039 /* ViewController.m */,
				C75904C01B9A1E43000B1039 /* Main.storyboard */,
				C75904C31B9A1E43000B1039 /* Images.xcassets */,
				C75904C51B9A1E43000B1039 /* LaunchScreen.xib */,
				C75904B61B9A1E43000B1039 /* Supporting Files */,
			);
			path = TipCalculator;
			sourceTree = "<group>";
		};
		C75904B61B9A1E43000B1039 /* Supporting Files */ = {
			isa = PBXGroup;
			children = (
				C75904B71B9A1E43000B1039 /* Info.plist */,
				C75904B81B9A1E43000B1039 /* main.m */,
			);
			name = "Supporting Files";
			sourceTree = "<group>";
		};
		C75904CF1B9A1E43000B1039 /* TipCalculatorTests */ = {
			isa = PBXGroup;
			children = (
				C75904D21B9A1E43000B1039 /* TipCalculatorTests.m */,
				C75904D01B9A1E43000B1039 /* Supporting Files */,
			);
			path = TipCalculatorTests;
			sourceTree = "<group>";
		};
		C75904D01B9A1E43000B1039 /* Supporting Files */ = {
			isa = PBXGroup;
			children = (
				C75904D11B9A1E43000B1039 /* Info.plist */,
			);
			name = "Supporting Files";
			sourceTree = "<group>";
		};
/* End PBXGroup section */

/* Begin PBXNativeTarget section */
		C75904B21B9A1E43000B1039 /* TipCalculator */ = {
			isa = PBXNativeTarget;
			buildConfigurationList = C75904D61B9A1E43000B1039 /* Build configuration list for PBXNativeTarget "TipCalculator" */;
			buildPhases = (
				C75904AF1B9A1E43000B1039 /* Sources */,
				C75904B01B9A1E43000B1039 /* Frameworks */,
				C75904B11B9A1E43000B1039 /* Resources */,
			);
			buildRules = (
			);
			dependencies = (
			);
			name = TipCalculator;
			productName = TipCalculator;
			productReference = C75904B31B9A1E43000B1039 /* TipCalculator.app */;
			productType = "com.apple.product-type.application";
		};
		C75904CB1B9A1E43000B1039 /* TipCalculatorTests */ = {
			isa = PBXNativeTarget;
			buildConfigurationList = C75904D91B9A1E43000B1039 /* Build configuration list for PBXNativeTarget "TipCalculatorTests" */;
			buildPhases = (
				C75904C81B9A1E43000B1039 /* Sources */,
				C75904C91B9A1E43000B1039 /* Frameworks */,
				C75904CA1B9A1E43000B1039 /* Resources */,
			);
			buildRules = (
			);
			dependencies = (
				C75904CE1B9A1E43000B1039 /* PBXTargetDependency */,
			);
			name = TipCalculatorTests;
			productName = TipCalculatorTests;
			productReference = C75904CC1B9A1E43000B1039 /* TipCalculatorTests.xctest */;
			productType = "com.apple.product-type.bundle.unit-test";
		};
/* End PBXNativeTarget section */

/* Begin PBXProject section */
		C75904AB1B9A1E43000B1039 /* Project object */ = {
			isa = PBXProject;
			attributes = {
				LastUpgradeCheck = 0640;
				ORGANIZATIONNAME = "Alp Eren Can";
				TargetAttributes = {
					C75904B21B9A1E43000B1039 = {
						CreatedOnToolsVersion = 6.4;
					};
					C75904CB1B9A1E43000B1039 = {
						CreatedOnToolsVersion = 6.4;
						TestTargetID = C75904B21B9A1E43000B1039;
					};
				};
			};
			buildConfigurationList = C75904AE1B9A1E43000B1039 /* Build configuration list for PBXProject "TipCalculator" */;
			compatibilityVersion = "Xcode 3.2";
			developmentRegion = English;
			hasScannedForEncodings = 0;
			knownRegions = (
				en,
				Base,
			);
			mainGroup = C75904AA1B9A1E43000B1039;
			productRefGroup = C75904B41B9A1E43000B1039 /* Products */;
			projectDirPath = "";
			projectRoot = "";
			targets = (
				C75904B21B9A1E43000B1039 /* TipCalculator */,
				C75904CB1B9A1E43000B1039 /* TipCalculatorTests */,
			);
		};
/* End PBXProject section */

/* Begin PBXResourcesBuildPhase section */
		C75904B11B9A1E43000B1039 /* Resources */ = {
			isa = PBXResourcesBuildPhase;
			buildActionMask = 2147483647;
			files = (
				C75904C21B9A1E43000B1039 /* Main.storyboard in Resources */,
				C75904C71B9A1E43000B1039 /* LaunchScreen.xib in Resources */,
				C75904C41B9A1E43000B1039 /* Images.xcassets in Resources */,
			);
			runOnlyForDeploymentPostprocessing = 0;
		};
		C75904CA1B9A1E43000B1039 /* Resources */ = {
			isa = PBXResourcesBuildPhase;
			buildActionMask = 2147483647;
			files = (
			);
			runOnlyForDeploymentPostprocessing = 0;
		};
/* End PBXResourcesBuildPhase section */

/* Begin PBXSourcesBuildPhase section */
		C75904AF1B9A1E43000B1039 /* Sources */ = {
			isa = PBXSourcesBuildPhase;
			buildActionMask = 2147483647;
			files = (
				C75904BF1B9A1E43000B1039 /* ViewController.m in Sources */,
				C75904BC1B9A1E43000B1039 /* AppDelegate.m in Sources */,
				C75904B91B9A1E43000B1039 /* main.m in Sources */,
			);
			runOnlyForDeploymentPostprocessing = 0;
		};
		C75904C81B9A1E43000B1039 /* Sources */ = {
			isa = PBXSourcesBuildPhase;
			buildActionMask = 2147483647;
			files = (
				C75904D31B9A1E43000B1039 /* TipCalculatorTests.m in Sources */,
			);
			runOnlyForDeploymentPostprocessing = 0;
		};
/* End PBXSourcesBuildPhase section */

/* Begin PBXTargetDependency section */
		C75904CE1B9A1E43000B1039 /* PBXTargetDependency */ = {
			isa = PBXTargetDependency;
			target = C75904B21B9A1E43000B1039 /* TipCalculator */;
			targetProxy = C75904CD1B9A1E43000B1039 /* PBXContainerItemProxy */;
		};
/* End PBXTargetDependency section */

/* Begin PBXVariantGroup section */
		C75904C01B9A1E43000B1039 /* Main.storyboard */ = {
			isa = PBXVariantGroup;
			children = (
				C75904C11B9A1E43000B1039 /* Base */,
			);
			name = Main.storyboard;
			sourceTree = "<group>";
		};
		C75904C51B9A1E43000B1039 /* LaunchScreen.xib */ = {
			isa = PBXVariantGroup;
			children = (
				C75904C61B9A1E43000B1039 /* Base */,
			);
			name = LaunchScreen.xib;
			sourceTree = "<group>";
		};
/* End PBXVariantGroup section */

/* Begin XCBuildConfiguration section */
		C75904D41B9A1E43000B1039 /* Debug */ = {
			isa = XCBuildConfiguration;
			buildSettings = {
				ALWAYS_SEARCH_USER_PATHS = NO;
				CLANG_CXX_LANGUAGE_STANDARD = "gnu++0x";
				CLANG_CXX_LIBRARY = "libc++";
				CLANG_ENABLE_MODULES = YES;
				CLANG_ENABLE_OBJC_ARC = YES;
				CLANG_WARN_BOOL_CONVERSION = YES;
				CLANG_WARN_CONSTANT_CONVERSION = YES;
				CLANG_WARN_DIRECT_OBJC_ISA_USAGE = YES_ERROR;
				CLANG_WARN_EMPTY_BODY = YES;
				CLANG_WARN_ENUM_CONVERSION = YES;
				CLANG_WARN_INT_CONVERSION = YES;
				CLANG_WARN_OBJC_ROOT_CLASS = YES_ERROR;
				CLANG_WARN_UNREACHABLE_CODE = YES;
				CLANG_WARN__DUPLICATE_METHOD_MATCH = YES;
				"CODE_SIGN_IDENTITY[sdk=iphoneos*]" = "iPhone Developer";
				COPY_PHASE_STRIP = NO;
				DEBUG_INFORMATION_FORMAT = "dwarf-with-dsym";
				ENABLE_STRICT_OBJC_MSGSEND = YES;
				GCC_C_LANGUAGE_STANDARD = gnu99;
				GCC_DYNAMIC_NO_PIC = NO;
				GCC_NO_COMMON_BLOCKS = YES;
				GCC_OPTIMIZATION_LEVEL = 0;
				GCC_PREPROCESSOR_DEFINITIONS = (
					"DEBUG=1",
					"$(inherited)",
				);
				GCC_SYMBOLS_PRIVATE_EXTERN = NO;
				GCC_WARN_64_TO_32_BIT_CONVERSION = YES;
				GCC_WARN_ABOUT_RETURN_TYPE = YES_ERROR;
				GCC_WARN_UNDECLARED_SELECTOR = YES;
				GCC_WARN_UNINITIALIZED_AUTOS = YES_AGGRESSIVE;
				GCC_WARN_UNUSED_FUNCTION = YES;
				GCC_WARN_UNUSED_VARIABLE = YES;
				IPHONEOS_DEPLOYMENT_TARGET = 8.4;
				MTL_ENABLE_DEBUG_INFO = YES;
				ONLY_ACTIVE_ARCH = YES;
				SDKROOT = iphoneos;
				TARGETED_DEVICE_FAMILY = "1,2";
			};
			name = Debug;
		};
		C75904D51B9A1E43000B1039 /* Release */ = {
			isa = XCBuildConfiguration;
			buildSettings = {
				ALWAYS_SEARCH_USER_PATHS = NO;
				CLANG_CXX_LANGUAGE_STANDARD = "gnu++0x";
				CLANG_CXX_LIBRARY = "libc++";
				CLANG_ENABLE_MODULES = YES;
				CLANG_ENABLE_OBJC_ARC = YES;
				CLANG_WARN_BOOL_CONVERSION = YES;
				CLANG_WARN_CONSTANT_CONVERSION = YES;
				CLANG_WARN_DIRECT_OBJC_ISA_USAGE = YES_ERROR;
				CLANG_WARN_EMPTY_BODY = YES;
				CLANG_WARN_ENUM_CONVERSION = YES;
				CLANG_WARN_INT_CONVERSION = YES;
				CLANG_WARN_OBJC_ROOT_CLASS = YES_ERROR;
				CLANG_WARN_UNREACHABLE_CODE = YES;
				CLANG_WARN__DUPLICATE_METHOD_MATCH = YES;
				"CODE_SIGN_IDENTITY[sdk=iphoneos*]" = "iPhone Developer";
				COPY_PHASE_STRIP = NO;
				DEBUG_INFORMATION_FORMAT = "dwarf-with-dsym";
				ENABLE_NS_ASSERTIONS = NO;
				ENABLE_STRICT_OBJC_MSGSEND = YES;
				GCC_C_LANGUAGE_STANDARD = gnu99;
				GCC_NO_COMMON_BLOCKS = YES;
				GCC_WARN_64_TO_32_BIT_CONVERSION = YES;
				GCC_WARN_ABOUT_RETURN_TYPE = YES_ERROR;
				GCC_WARN_UNDECLARED_SELECTOR = YES;
				GCC_WARN_UNINITIALIZED_AUTOS = YES_AGGRESSIVE;
				GCC_WARN_UNUSED_FUNCTION = YES;
				GCC_WARN_UNUSED_VARIABLE = YES;
				IPHONEOS_DEPLOYMENT_TARGET = 8.4;
				MTL_ENABLE_DEBUG_INFO = NO;
				SDKROOT = iphoneos;
				TARGETED_DEVICE_FAMILY = "1,2";
				VALIDATE_PRODUCT = YES;
			};
			name = Release;
		};
		C75904D71B9A1E43000B1039 /* Debug */ = {
			isa = XCBuildConfiguration;
			buildSettings = {
				ASSETCATALOG_COMPILER_APPICON_NAME = AppIcon;
				INFOPLIST_FILE = TipCalculator/Info.plist;
				LD_RUNPATH_SEARCH_PATHS = "$(inherited) @executable_path/Frameworks";
				PRODUCT_NAME = "$(TARGET_NAME)";
			};
			name = Debug;
		};
		C75904D81B9A1E43000B1039 /* Release */ = {
			isa = XCBuildConfiguration;
			buildSettings = {
				ASSETCATALOG_COMPILER_APPICON_NAME = AppIcon;
				INFOPLIST_FILE = TipCalculator/Info.plist;
				LD_RUNPATH_SEARCH_PATHS = "$(inherited) @executable_path/Frameworks";
				PRODUCT_NAME = "$(TARGET_NAME)";
			};
			name = Release;
		};
		C75904DA1B9A1E43000B1039 /* Debug */ = {
			isa = XCBuildConfiguration;
			buildSettings = {
				BUNDLE_LOADER = "$(TEST_HOST)";
				FRAMEWORK_SEARCH_PATHS = (
					"$(SDKROOT)/Developer/Library/Frameworks",
					"$(inherited)",
				);
				GCC_PREPROCESSOR_DEFINITIONS = (
					"DEBUG=1",
					"$(inherited)",
				);
				INFOPLIST_FILE = TipCalculatorTests/Info.plist;
				LD_RUNPATH_SEARCH_PATHS = "$(inherited) @executable_path/Frameworks @loader_path/Frameworks";
				PRODUCT_NAME = "$(TARGET_NAME)";
				TEST_HOST = "$(BUILT_PRODUCTS_DIR)/TipCalculator.app/TipCalculator";
			};
			name = Debug;
		};
		C75904DB1B9A1E43000B1039 /* Release */ = {
			isa = XCBuildConfiguration;
			buildSettings = {
				BUNDLE_LOADER = "$(TEST_HOST)";
				FRAMEWORK_SEARCH_PATHS = (
					"$(SDKROOT)/Developer/Library/Frameworks",
					"$(inherited)",
				);
				INFOPLIST_FILE = TipCalculatorTests/Info.plist;
				LD_RUNPATH_SEARCH_PATHS = "$(inherited) @executable_path/Frameworks @loader_path/Frameworks";
				PRODUCT_NAME = "$(TARGET_NAME)";
				TEST_HOST = "$(BUILT_PRODUCTS_DIR)/TipCalculator.app/TipCalculator";
			};
			name = Release;
		};
/* End XCBuildConfiguration section */

/* Begin XCConfigurationList section */
		C75904AE1B9A1E43000B1039 /* Build configuration list for PBXProject "TipCalculator" */ = {
			isa = XCConfigurationList;
			buildConfigurations = (
				C75904D41B9A1E43000B1039 /* Debug */,
				C75904D51B9A1E43000B1039 /* Release */,
			);
			defaultConfigurationIsVisible = 0;
			defaultConfigurationName = Release;
		};
		C75904D61B9A1E43000B1039 /* Build configuration list for PBXNativeTarget "TipCalculator" */ = {
			isa = XCConfigurationList;
			buildConfigurations = (
				C75904D71B9A1E43000B1039 /* Debug */,
				C75904D81B9A1E43000B1039 /* Release */,
			);
			defaultConfigurationIsVisible = 0;
		};
		C75904D91B9A1E43000B1039 /* Build configuration list for PBXNativeTarget "TipCalculatorTests" */ = {
			isa = XCConfigurationList;
			buildConfigurations = (
				C75904DA1B9A1E43000B1039 /* Debug */,
				C75904DB1B9A1E43000B1039 /* Release */,
			);
			defaultConfigurationIsVisible = 0;
		};
/* End XCConfigurationList section */
	};
	rootObject = C75904AB1B9A1E43000B1039 /* Project object */;
}
